// !$*UTF8*$!
{
	archiveVersion = 1;
	classes = {
	};
	objectVersion = 46;
	objects = {

/* Begin PBXBuildFile section */
		CA17C5D01F7B5655005379B3 /* main.m in Sources */ = {isa = PBXBuildFile; fileRef = CA17C5CF1F7B5655005379B3 /* main.m */; };
		CA17C5D31F7B5655005379B3 /* AppDelegate.m in Sources */ = {isa = PBXBuildFile; fileRef = CA17C5D21F7B5655005379B3 /* AppDelegate.m */; };
		CA17C5D61F7B5655005379B3 /* Home.m in Sources */ = {isa = PBXBuildFile; fileRef = CA17C5D51F7B5655005379B3 /* Home.m */; };
		CA17C5D91F7B5655005379B3 /* Main.storyboard in Resources */ = {isa = PBXBuildFile; fileRef = CA17C5D71F7B5655005379B3 /* Main.storyboard */; };
		CA17C5DC1F7B5655005379B3 /* Homework4.xcdatamodeld in Sources */ = {isa = PBXBuildFile; fileRef = CA17C5DA1F7B5655005379B3 /* Homework4.xcdatamodeld */; };
		CA17C5DE1F7B5655005379B3 /* Assets.xcassets in Resources */ = {isa = PBXBuildFile; fileRef = CA17C5DD1F7B5655005379B3 /* Assets.xcassets */; };
		CA17C5E11F7B5655005379B3 /* LaunchScreen.storyboard in Resources */ = {isa = PBXBuildFile; fileRef = CA17C5DF1F7B5655005379B3 /* LaunchScreen.storyboard */; };
		CA17C5F31F7B585A005379B3 /* Cersei.jpg in Resources */ = {isa = PBXBuildFile; fileRef = CA17C5EE1F7B585A005379B3 /* Cersei.jpg */; };
		CA17C5F41F7B585A005379B3 /* Daenerys.jpg in Resources */ = {isa = PBXBuildFile; fileRef = CA17C5EF1F7B585A005379B3 /* Daenerys.jpg */; };
		CA17C5F51F7B585A005379B3 /* Gregor.jpg in Resources */ = {isa = PBXBuildFile; fileRef = CA17C5F01F7B585A005379B3 /* Gregor.jpg */; };
		CA17C5F61F7B585A005379B3 /* Jon.jpg in Resources */ = {isa = PBXBuildFile; fileRef = CA17C5F11F7B585A005379B3 /* Jon.jpg */; };
		CA17C5F71F7B585A005379B3 /* Tyrion.jpg in Resources */ = {isa = PBXBuildFile; fileRef = CA17C5F21F7B585A005379B3 /* Tyrion.jpg */; };
		CA17C5FC1F7B59C5005379B3 /* cellMainTable.m in Sources */ = {isa = PBXBuildFile; fileRef = CA17C5FA1F7B59C5005379B3 /* cellMainTable.m */; };
		CA17C5FD1F7B59C5005379B3 /* cellMainTable.xib in Resources */ = {isa = PBXBuildFile; fileRef = CA17C5FB1F7B59C5005379B3 /* cellMainTable.xib */; };
		CA17C6291F7B651D005379B3 /* AddCharacter.m in Sources */ = {isa = PBXBuildFile; fileRef = CA17C6281F7B651D005379B3 /* AddCharacter.m */; };
/* End PBXBuildFile section */

/* Begin PBXFileReference section */
		CA17C5CB1F7B5655005379B3 /* Homework4.app */ = {isa = PBXFileReference; explicitFileType = wrapper.application; includeInIndex = 0; path = Homework4.app; sourceTree = BUILT_PRODUCTS_DIR; };
		CA17C5CF1F7B5655005379B3 /* main.m */ = {isa = PBXFileReference; lastKnownFileType = sourcecode.c.objc; path = main.m; sourceTree = "<group>"; };
		CA17C5D11F7B5655005379B3 /* AppDelegate.h */ = {isa = PBXFileReference; lastKnownFileType = sourcecode.c.h; path = AppDelegate.h; sourceTree = "<group>"; };
		CA17C5D21F7B5655005379B3 /* AppDelegate.m */ = {isa = PBXFileReference; lastKnownFileType = sourcecode.c.objc; path = AppDelegate.m; sourceTree = "<group>"; };
		CA17C5D41F7B5655005379B3 /* Home.h */ = {isa = PBXFileReference; lastKnownFileType = sourcecode.c.h; path = Home.h; sourceTree = "<group>"; };
		CA17C5D51F7B5655005379B3 /* Home.m */ = {isa = PBXFileReference; lastKnownFileType = sourcecode.c.objc; path = Home.m; sourceTree = "<group>"; };
		CA17C5D81F7B5655005379B3 /* Base */ = {isa = PBXFileReference; lastKnownFileType = file.storyboard; name = Base; path = Base.lproj/Main.storyboard; sourceTree = "<group>"; };
		CA17C5DB1F7B5655005379B3 /* Homework4.xcdatamodel */ = {isa = PBXFileReference; lastKnownFileType = wrapper.xcdatamodel; path = Homework4.xcdatamodel; sourceTree = "<group>"; };
		CA17C5DD1F7B5655005379B3 /* Assets.xcassets */ = {isa = PBXFileReference; lastKnownFileType = folder.assetcatalog; path = Assets.xcassets; sourceTree = "<group>"; };
		CA17C5E01F7B5655005379B3 /* Base */ = {isa = PBXFileReference; lastKnownFileType = file.storyboard; name = Base; path = Base.lproj/LaunchScreen.storyboard; sourceTree = "<group>"; };
		CA17C5E21F7B5655005379B3 /* Info.plist */ = {isa = PBXFileReference; lastKnownFileType = text.plist.xml; path = Info.plist; sourceTree = "<group>"; };
		CA17C5EE1F7B585A005379B3 /* Cersei.jpg */ = {isa = PBXFileReference; lastKnownFileType = image.jpeg; path = Cersei.jpg; sourceTree = "<group>"; };
		CA17C5EF1F7B585A005379B3 /* Daenerys.jpg */ = {isa = PBXFileReference; lastKnownFileType = image.jpeg; path = Daenerys.jpg; sourceTree = "<group>"; };
		CA17C5F01F7B585A005379B3 /* Gregor.jpg */ = {isa = PBXFileReference; lastKnownFileType = image.jpeg; path = Gregor.jpg; sourceTree = "<group>"; };
		CA17C5F11F7B585A005379B3 /* Jon.jpg */ = {isa = PBXFileReference; lastKnownFileType = image.jpeg; path = Jon.jpg; sourceTree = "<group>"; };
		CA17C5F21F7B585A005379B3 /* Tyrion.jpg */ = {isa = PBXFileReference; lastKnownFileType = image.jpeg; path = Tyrion.jpg; sourceTree = "<group>"; };
		CA17C5F91F7B59C5005379B3 /* cellMainTable.h */ = {isa = PBXFileReference; fileEncoding = 4; lastKnownFileType = sourcecode.c.h; path = cellMainTable.h; sourceTree = "<group>"; };
		CA17C5FA1F7B59C5005379B3 /* cellMainTable.m */ = {isa = PBXFileReference; fileEncoding = 4; lastKnownFileType = sourcecode.c.objc; path = cellMainTable.m; sourceTree = "<group>"; };
		CA17C5FB1F7B59C5005379B3 /* cellMainTable.xib */ = {isa = PBXFileReference; fileEncoding = 4; lastKnownFileType = file.xib; path = cellMainTable.xib; sourceTree = "<group>"; };
		CA17C6271F7B651D005379B3 /* AddCharacter.h */ = {isa = PBXFileReference; fileEncoding = 4; lastKnownFileType = sourcecode.c.h; path = AddCharacter.h; sourceTree = "<group>"; };
		CA17C6281F7B651D005379B3 /* AddCharacter.m */ = {isa = PBXFileReference; fileEncoding = 4; lastKnownFileType = sourcecode.c.objc; path = AddCharacter.m; sourceTree = "<group>"; };
/* End PBXFileReference section */

/* Begin PBXFrameworksBuildPhase section */
		CA17C5C81F7B5655005379B3 /* Frameworks */ = {
			isa = PBXFrameworksBuildPhase;
			buildActionMask = 2147483647;
			files = (
			);
			runOnlyForDeploymentPostprocessing = 0;
		};
/* End PBXFrameworksBuildPhase section */

/* Begin PBXGroup section */
		CA17C5C21F7B5655005379B3 = {
			isa = PBXGroup;
			children = (
				CA17C5CD1F7B5655005379B3 /* Homework4 */,
				CA17C5CC1F7B5655005379B3 /* Products */,
			);
			sourceTree = "<group>";
		};
		CA17C5CC1F7B5655005379B3 /* Products */ = {
			isa = PBXGroup;
			children = (
				CA17C5CB1F7B5655005379B3 /* Homework4.app */,
			);
			name = Products;
			sourceTree = "<group>";
		};
		CA17C5CD1F7B5655005379B3 /* Homework4 */ = {
			isa = PBXGroup;
			children = (
				CA17C5F81F7B5904005379B3 /* Cells */,
				CA17C5ED1F7B585A005379B3 /* img */,
				CA17C5E91F7B57ED005379B3 /* Controllers */,
				CA17C5E81F7B57DF005379B3 /* Main */,
				CA17C5D71F7B5655005379B3 /* Main.storyboard */,
				CA17C5DD1F7B5655005379B3 /* Assets.xcassets */,
				CA17C5DF1F7B5655005379B3 /* LaunchScreen.storyboard */,
				CA17C5E21F7B5655005379B3 /* Info.plist */,
				CA17C5DA1F7B5655005379B3 /* Homework4.xcdatamodeld */,
				CA17C5CE1F7B5655005379B3 /* Supporting Files */,
			);
			path = Homework4;
			sourceTree = "<group>";
		};
		CA17C5CE1F7B5655005379B3 /* Supporting Files */ = {
			isa = PBXGroup;
			children = (
				CA17C5CF1F7B5655005379B3 /* main.m */,
			);
			name = "Supporting Files";
			sourceTree = "<group>";
		};
		CA17C5E81F7B57DF005379B3 /* Main */ = {
			isa = PBXGroup;
			children = (
				CA17C5D11F7B5655005379B3 /* AppDelegate.h */,
				CA17C5D21F7B5655005379B3 /* AppDelegate.m */,
			);
			name = Main;
			sourceTree = "<group>";
		};
		CA17C5E91F7B57ED005379B3 /* Controllers */ = {
			isa = PBXGroup;
			children = (
				CA17C5D41F7B5655005379B3 /* Home.h */,
				CA17C5D51F7B5655005379B3 /* Home.m */,
				CA17C6271F7B651D005379B3 /* AddCharacter.h */,
				CA17C6281F7B651D005379B3 /* AddCharacter.m */,
			);
			name = Controllers;
			sourceTree = "<group>";
		};
		CA17C5ED1F7B585A005379B3 /* img */ = {
			isa = PBXGroup;
			children = (
				CA17C5EE1F7B585A005379B3 /* Cersei.jpg */,
				CA17C5EF1F7B585A005379B3 /* Daenerys.jpg */,
				CA17C5F01F7B585A005379B3 /* Gregor.jpg */,
				CA17C5F11F7B585A005379B3 /* Jon.jpg */,
				CA17C5F21F7B585A005379B3 /* Tyrion.jpg */,
			);
			path = img;
			sourceTree = "<group>";
		};
		CA17C5F81F7B5904005379B3 /* Cells */ = {
			isa = PBXGroup;
			children = (
				CA17C5F91F7B59C5005379B3 /* cellMainTable.h */,
				CA17C5FA1F7B59C5005379B3 /* cellMainTable.m */,
				CA17C5FB1F7B59C5005379B3 /* cellMainTable.xib */,
			);
			name = Cells;
			sourceTree = "<group>";
		};
/* End PBXGroup section */

/* Begin PBXNativeTarget section */
		CA17C5CA1F7B5655005379B3 /* Homework4 */ = {
			isa = PBXNativeTarget;
			buildConfigurationList = CA17C5E51F7B5655005379B3 /* Build configuration list for PBXNativeTarget "Homework4" */;
			buildPhases = (
				CA17C5C71F7B5655005379B3 /* Sources */,
				CA17C5C81F7B5655005379B3 /* Frameworks */,
				CA17C5C91F7B5655005379B3 /* Resources */,
			);
			buildRules = (
			);
			dependencies = (
			);
			name = Homework4;
			productName = Homework4;
			productReference = CA17C5CB1F7B5655005379B3 /* Homework4.app */;
			productType = "com.apple.product-type.application";
		};
/* End PBXNativeTarget section */

/* Begin PBXProject section */
		CA17C5C31F7B5655005379B3 /* Project object */ = {
			isa = PBXProject;
			attributes = {
				LastUpgradeCheck = 0830;
				ORGANIZATIONNAME = "Antonio Lizarraga";
				TargetAttributes = {
					CA17C5CA1F7B5655005379B3 = {
						CreatedOnToolsVersion = 8.3.3;
						ProvisioningStyle = Automatic;
					};
				};
			};
			buildConfigurationList = CA17C5C61F7B5655005379B3 /* Build configuration list for PBXProject "Homework4" */;
			compatibilityVersion = "Xcode 3.2";
			developmentRegion = English;
			hasScannedForEncodings = 0;
			knownRegions = (
				en,
				Base,
			);
			mainGroup = CA17C5C21F7B5655005379B3;
			productRefGroup = CA17C5CC1F7B5655005379B3 /* Products */;
			projectDirPath = "";
			projectRoot = "";
			targets = (
				CA17C5CA1F7B5655005379B3 /* Homework4 */,
			);
		};
/* End PBXProject section */

/* Begin PBXResourcesBuildPhase section */
		CA17C5C91F7B5655005379B3 /* Resources */ = {
			isa = PBXResourcesBuildPhase;
			buildActionMask = 2147483647;
			files = (
				CA17C5F31F7B585A005379B3 /* Cersei.jpg in Resources */,
				CA17C5E11F7B5655005379B3 /* LaunchScreen.storyboard in Resources */,
				CA17C5DE1F7B5655005379B3 /* Assets.xcassets in Resources */,
				CA17C5D91F7B5655005379B3 /* Main.storyboard in Resources */,
				CA17C5FD1F7B59C5005379B3 /* cellMainTable.xib in Resources */,
				CA17C5F41F7B585A005379B3 /* Daenerys.jpg in Resources */,
				CA17C5F51F7B585A005379B3 /* Gregor.jpg in Resources */,
				CA17C5F71F7B585A005379B3 /* Tyrion.jpg in Resources */,
				CA17C5F61F7B585A005379B3 /* Jon.jpg in Resources */,
			);
			runOnlyForDeploymentPostprocessing = 0;
		};
/* End PBXResourcesBuildPhase section */

/* Begin PBXSourcesBuildPhase section */
		CA17C5C71F7B5655005379B3 /* Sources */ = {
			isa = PBXSourcesBuildPhase;
			buildActionMask = 2147483647;
			files = (
				CA17C5D61F7B5655005379B3 /* Home.m in Sources */,
				CA17C6291F7B651D005379B3 /* AddCharacter.m in Sources */,
				CA17C5D31F7B5655005379B3 /* AppDelegate.m in Sources */,
				CA17C5DC1F7B5655005379B3 /* Homework4.xcdatamodeld in Sources */,
				CA17C5FC1F7B59C5005379B3 /* cellMainTable.m in Sources */,
				CA17C5D01F7B5655005379B3 /* main.m in Sources */,
			);
			runOnlyForDeploymentPostprocessing = 0;
		};
/* End PBXSourcesBuildPhase section */

/* Begin PBXVariantGroup section */
		CA17C5D71F7B5655005379B3 /* Main.storyboard */ = {
			isa = PBXVariantGroup;
			children = (
				CA17C5D81F7B5655005379B3 /* Base */,
			);
			name = Main.storyboard;
			sourceTree = "<group>";
		};
		CA17C5DF1F7B5655005379B3 /* LaunchScreen.storyboard */ = {
			isa = PBXVariantGroup;
			children = (
				CA17C5E01F7B5655005379B3 /* Base */,
			);
			name = LaunchScreen.storyboard;
			sourceTree = "<group>";
		};
/* End PBXVariantGroup section */

/* Begin XCBuildConfiguration section */
		CA17C5E31F7B5655005379B3 /* Debug */ = {
			isa = XCBuildConfiguration;
			buildSettings = {
				ALWAYS_SEARCH_USER_PATHS = NO;
				CLANG_ANALYZER_NONNULL = YES;
				CLANG_ANALYZER_NUMBER_OBJECT_CONVERSION = YES_AGGRESSIVE;
				CLANG_CXX_LANGUAGE_STANDARD = "gnu++0x";
				CLANG_CXX_LIBRARY = "libc++";
				CLANG_ENABLE_MODULES = YES;
				CLANG_ENABLE_OBJC_ARC = YES;
				CLANG_WARN_BOOL_CONVERSION = YES;
				CLANG_WARN_CONSTANT_CONVERSION = YES;
				CLANG_WARN_DIRECT_OBJC_ISA_USAGE = YES_ERROR;
				CLANG_WARN_DOCUMENTATION_COMMENTS = YES;
				CLANG_WARN_EMPTY_BODY = YES;
				CLANG_WARN_ENUM_CONVERSION = YES;
				CLANG_WARN_INFINITE_RECURSION = YES;
				CLANG_WARN_INT_CONVERSION = YES;
				CLANG_WARN_OBJC_ROOT_CLASS = YES_ERROR;
				CLANG_WARN_SUSPICIOUS_MOVE = YES;
				CLANG_WARN_UNREACHABLE_CODE = YES;
				CLANG_WARN__DUPLICATE_METHOD_MATCH = YES;
				"CODE_SIGN_IDENTITY[sdk=iphoneos*]" = "iPhone Developer";
				COPY_PHASE_STRIP = NO;
				DEBUG_INFORMATION_FORMAT = dwarf;
				ENABLE_STRICT_OBJC_MSGSEND = YES;
				ENABLE_TESTABILITY = YES;
				GCC_C_LANGUAGE_STANDARD = gnu99;
				GCC_DYNAMIC_NO_PIC = NO;
				GCC_NO_COMMON_BLOCKS = YES;
				GCC_OPTIMIZATION_LEVEL = 0;
				GCC_PREPROCESSOR_DEFINITIONS = (
					"DEBUG=1",
					"$(inherited)",
				);
				GCC_WARN_64_TO_32_BIT_CONVERSION = YES;
				GCC_WARN_ABOUT_RETURN_TYPE = YES_ERROR;
				GCC_WARN_UNDECLARED_SELECTOR = YES;
				GCC_WARN_UNINITIALIZED_AUTOS = YES_AGGRESSIVE;
				GCC_WARN_UNUSED_FUNCTION = YES;
				GCC_WARN_UNUSED_VARIABLE = YES;
				IPHONEOS_DEPLOYMENT_TARGET = 10.3;
				MTL_ENABLE_DEBUG_INFO = YES;
				ONLY_ACTIVE_ARCH = YES;
				SDKROOT = iphoneos;
			};
			name = Debug;
		};
		CA17C5E41F7B5655005379B3 /* Release */ = {
			isa = XCBuildConfiguration;
			buildSettings = {
				ALWAYS_SEARCH_USER_PATHS = NO;
				CLANG_ANALYZER_NONNULL = YES;
				CLANG_ANALYZER_NUMBER_OBJECT_CONVERSION = YES_AGGRESSIVE;
				CLANG_CXX_LANGUAGE_STANDARD = "gnu++0x";
				CLANG_CXX_LIBRARY = "libc++";
				CLANG_ENABLE_MODULES = YES;
				CLANG_ENABLE_OBJC_ARC = YES;
				CLANG_WARN_BOOL_CONVERSION = YES;
				CLANG_WARN_CONSTANT_CONVERSION = YES;
				CLANG_WARN_DIRECT_OBJC_ISA_USAGE = YES_ERROR;
				CLANG_WARN_DOCUMENTATION_COMMENTS = YES;
				CLANG_WARN_EMPTY_BODY = YES;
				CLANG_WARN_ENUM_CONVERSION = YES;
				CLANG_WARN_INFINITE_RECURSION = YES;
				CLANG_WARN_INT_CONVERSION = YES;
				CLANG_WARN_OBJC_ROOT_CLASS = YES_ERROR;
				CLANG_WARN_SUSPICIOUS_MOVE = YES;
				CLANG_WARN_UNREACHABLE_CODE = YES;
				CLANG_WARN__DUPLICATE_METHOD_MATCH = YES;
				"CODE_SIGN_IDENTITY[sdk=iphoneos*]" = "iPhone Developer";
				COPY_PHASE_STRIP = NO;
				DEBUG_INFORMATION_FORMAT = "dwarf-with-dsym";
				ENABLE_NS_ASSERTIONS = NO;
				ENABLE_STRICT_OBJC_MSGSEND = YES;
				GCC_C_LANGUAGE_STANDARD = gnu99;
				GCC_NO_COMMON_BLOCKS = YES;
				GCC_WARN_64_TO_32_BIT_CONVERSION = YES;
				GCC_WARN_ABOUT_RETURN_TYPE = YES_ERROR;
				GCC_WARN_UNDECLARED_SELECTOR = YES;
				GCC_WARN_UNINITIALIZED_AUTOS = YES_AGGRESSIVE;
				GCC_WARN_UNUSED_FUNCTION = YES;
				GCC_WARN_UNUSED_VARIABLE = YES;
				IPHONEOS_DEPLOYMENT_TARGET = 10.3;
				MTL_ENABLE_DEBUG_INFO = NO;
				SDKROOT = iphoneos;
				VALIDATE_PRODUCT = YES;
			};
			name = Release;
		};
		CA17C5E61F7B5655005379B3 /* Debug */ = {
			isa = XCBuildConfiguration;
			buildSettings = {
				ASSETCATALOG_COMPILER_APPICON_NAME = AppIcon;
				INFOPLIST_FILE = Homework4/Info.plist;
				LD_RUNPATH_SEARCH_PATHS = "$(inherited) @executable_path/Frameworks";
				PRODUCT_BUNDLE_IDENTIFIER = com.antoniolizarraga.Homework4;
				PRODUCT_NAME = "$(TARGET_NAME)";
			};
			name = Debug;
		};
		CA17C5E71F7B5655005379B3 /* Release */ = {
			isa = XCBuildConfiguration;
			buildSettings = {
				ASSETCATALOG_COMPILER_APPICON_NAME = AppIcon;
				INFOPLIST_FILE = Homework4/Info.plist;
				LD_RUNPATH_SEARCH_PATHS = "$(inherited) @executable_path/Frameworks";
				PRODUCT_BUNDLE_IDENTIFIER = com.antoniolizarraga.Homework4;
				PRODUCT_NAME = "$(TARGET_NAME)";
			};
			name = Release;
		};
/* End XCBuildConfiguration section */

/* Begin XCConfigurationList section */
		CA17C5C61F7B5655005379B3 /* Build configuration list for PBXProject "Homework4" */ = {
			isa = XCConfigurationList;
			buildConfigurations = (
				CA17C5E31F7B5655005379B3 /* Debug */,
				CA17C5E41F7B5655005379B3 /* Release */,
			);
			defaultConfigurationIsVisible = 0;
			defaultConfigurationName = Release;
		};
		CA17C5E51F7B5655005379B3 /* Build configuration list for PBXNativeTarget "Homework4" */ = {
			isa = XCConfigurationList;
			buildConfigurations = (
				CA17C5E61F7B5655005379B3 /* Debug */,
				CA17C5E71F7B5655005379B3 /* Release */,
			);
			defaultConfigurationIsVisible = 0;
			defaultConfigurationName = Release;
		};
/* End XCConfigurationList section */

/* Begin XCVersionGroup section */
		CA17C5DA1F7B5655005379B3 /* Homework4.xcdatamodeld */ = {
			isa = XCVersionGroup;
			children = (
				CA17C5DB1F7B5655005379B3 /* Homework4.xcdatamodel */,
			);
			currentVersion = CA17C5DB1F7B5655005379B3 /* Homework4.xcdatamodel */;
			path = Homework4.xcdatamodeld;
			sourceTree = "<group>";
			versionGroupType = wrapper.xcdatamodel;
		};
/* End XCVersionGroup section */
	};
	rootObject = CA17C5C31F7B5655005379B3 /* Project object */;
}
